// !$*UTF8*$!
{
	archiveVersion = 1;
	classes = {
	};
	objectVersion = 46;
	objects = {

/* Begin PBXBuildFile section */
		384D24A01CC4D1F0003C6430 /* main.m in Sources */ = {isa = PBXBuildFile; fileRef = 384D249F1CC4D1F0003C6430 /* main.m */; };
		384D24A31CC4D1F0003C6430 /* AppDelegate.m in Sources */ = {isa = PBXBuildFile; fileRef = 384D24A21CC4D1F0003C6430 /* AppDelegate.m */; };
		384D24A61CC4D1F0003C6430 /* ViewController.m in Sources */ = {isa = PBXBuildFile; fileRef = 384D24A51CC4D1F0003C6430 /* ViewController.m */; };
		384D24A91CC4D1F0003C6430 /* Main.storyboard in Resources */ = {isa = PBXBuildFile; fileRef = 384D24A71CC4D1F0003C6430 /* Main.storyboard */; };
		384D24AB1CC4D1F0003C6430 /* Assets.xcassets in Resources */ = {isa = PBXBuildFile; fileRef = 384D24AA1CC4D1F0003C6430 /* Assets.xcassets */; };
		384D24AE1CC4D1F0003C6430 /* LaunchScreen.storyboard in Resources */ = {isa = PBXBuildFile; fileRef = 384D24AC1CC4D1F0003C6430 /* LaunchScreen.storyboard */; };
		384D24B71CC5163F003C6430 /* PhotoCollectionViewController.m in Sources */ = {isa = PBXBuildFile; fileRef = 384D24B61CC5163F003C6430 /* PhotoCollectionViewController.m */; };
		384D24BA1CC51A93003C6430 /* PhotoCollectionViewCell.m in Sources */ = {isa = PBXBuildFile; fileRef = 384D24B91CC51A93003C6430 /* PhotoCollectionViewCell.m */; };
		384D24D81CC52854003C6430 /* PhotoViewController.m in Sources */ = {isa = PBXBuildFile; fileRef = 384D24D71CC52854003C6430 /* PhotoViewController.m */; };
		384D24DB1CC60FA1003C6430 /* AlbumCollectionViewController.m in Sources */ = {isa = PBXBuildFile; fileRef = 384D24DA1CC60FA1003C6430 /* AlbumCollectionViewController.m */; };
		384D24DE1CC62805003C6430 /* AlbumCollectionViewCell.m in Sources */ = {isa = PBXBuildFile; fileRef = 384D24DD1CC62805003C6430 /* AlbumCollectionViewCell.m */; };
		384D24E51CC62920003C6430 /* CIImage+Convenience.m in Sources */ = {isa = PBXBuildFile; fileRef = 384D24E01CC62920003C6430 /* CIImage+Convenience.m */; };
		384D24E61CC62920003C6430 /* NSIndexSet+Convenience.m in Sources */ = {isa = PBXBuildFile; fileRef = 384D24E21CC62920003C6430 /* NSIndexSet+Convenience.m */; };
		384D24E71CC62920003C6430 /* UICollectionView+Convenience.m in Sources */ = {isa = PBXBuildFile; fileRef = 384D24E41CC62920003C6430 /* UICollectionView+Convenience.m */; };
		384D24EC1CC8B830003C6430 /* PHAsset+Utility.m in Sources */ = {isa = PBXBuildFile; fileRef = 384D24EB1CC8B82F003C6430 /* PHAsset+Utility.m */; };
		384D24EF1CC8BE44003C6430 /* MetadataViewController.m in Sources */ = {isa = PBXBuildFile; fileRef = 384D24EE1CC8BE44003C6430 /* MetadataViewController.m */; };
		384D24FC1CCA00AB003C6430 /* zrx1.jpg in Resources */ = {isa = PBXBuildFile; fileRef = 384D24F01CCA00AB003C6430 /* zrx1.jpg */; };
		384D24FD1CCA00AB003C6430 /* zrx2.jpg in Resources */ = {isa = PBXBuildFile; fileRef = 384D24F11CCA00AB003C6430 /* zrx2.jpg */; };
		384D24FE1CCA00AB003C6430 /* zrx3.jpg in Resources */ = {isa = PBXBuildFile; fileRef = 384D24F21CCA00AB003C6430 /* zrx3.jpg */; };
		384D24FF1CCA00AB003C6430 /* zrx4.jpg in Resources */ = {isa = PBXBuildFile; fileRef = 384D24F31CCA00AB003C6430 /* zrx4.jpg */; };
		384D25001CCA00AB003C6430 /* zrx5.jpg in Resources */ = {isa = PBXBuildFile; fileRef = 384D24F41CCA00AB003C6430 /* zrx5.jpg */; };
		384D25011CCA00AB003C6430 /* zrx6.jpg in Resources */ = {isa = PBXBuildFile; fileRef = 384D24F51CCA00AB003C6430 /* zrx6.jpg */; };
		384D25021CCA00AB003C6430 /* zrx7.jpg in Resources */ = {isa = PBXBuildFile; fileRef = 384D24F61CCA00AB003C6430 /* zrx7.jpg */; };
		384D25031CCA00AB003C6430 /* zrx8.jpg in Resources */ = {isa = PBXBuildFile; fileRef = 384D24F71CCA00AB003C6430 /* zrx8.jpg */; };
		384D25041CCA00AB003C6430 /* zrx9.jpg in Resources */ = {isa = PBXBuildFile; fileRef = 384D24F81CCA00AB003C6430 /* zrx9.jpg */; };
		384D25051CCA00AB003C6430 /* zrx10.jpg in Resources */ = {isa = PBXBuildFile; fileRef = 384D24F91CCA00AB003C6430 /* zrx10.jpg */; };
		384D25061CCA00AB003C6430 /* zrx11.jpg in Resources */ = {isa = PBXBuildFile; fileRef = 384D24FA1CCA00AB003C6430 /* zrx11.jpg */; };
		384D25071CCA00AB003C6430 /* zrx12.jpg in Resources */ = {isa = PBXBuildFile; fileRef = 384D24FB1CCA00AB003C6430 /* zrx12.jpg */; };
		384D250C1CCA0320003C6430 /* zrx13.jpg in Resources */ = {isa = PBXBuildFile; fileRef = 384D25091CCA0320003C6430 /* zrx13.jpg */; };
		384D250D1CCA0320003C6430 /* zrx14.jpg in Resources */ = {isa = PBXBuildFile; fileRef = 384D250A1CCA0320003C6430 /* zrx14.jpg */; };
		384D250E1CCA0320003C6430 /* zrx15.jpg in Resources */ = {isa = PBXBuildFile; fileRef = 384D250B1CCA0320003C6430 /* zrx15.jpg */; };
		384D25101CCA1519003C6430 /* photoTags.plist in Resources */ = {isa = PBXBuildFile; fileRef = 384D250F1CCA1519003C6430 /* photoTags.plist */; };
		38BDE3851CCA43C000E3E11D /* UIScrollView+UITouch.m in Sources */ = {isa = PBXBuildFile; fileRef = 38BDE3841CCA43C000E3E11D /* UIScrollView+UITouch.m */; };
		38BDE3881CCA552200E3E11D /* UIImage+Extensions.m in Sources */ = {isa = PBXBuildFile; fileRef = 38BDE3871CCA552200E3E11D /* UIImage+Extensions.m */; };
		38BDE38B1CCBC52500E3E11D /* AlbumTableViewController.m in Sources */ = {isa = PBXBuildFile; fileRef = 38BDE38A1CCBC52500E3E11D /* AlbumTableViewController.m */; };
		38BDE38E1CCCA41000E3E11D /* AlbumTableViewCell.m in Sources */ = {isa = PBXBuildFile; fileRef = 38BDE38D1CCCA41000E3E11D /* AlbumTableViewCell.m */; };
/* End PBXBuildFile section */

/* Begin PBXFileReference section */
		384D249B1CC4D1F0003C6430 /* visAlbum.app */ = {isa = PBXFileReference; explicitFileType = wrapper.application; includeInIndex = 0; path = visAlbum.app; sourceTree = BUILT_PRODUCTS_DIR; };
		384D249F1CC4D1F0003C6430 /* main.m */ = {isa = PBXFileReference; lastKnownFileType = sourcecode.c.objc; path = main.m; sourceTree = "<group>"; };
		384D24A11CC4D1F0003C6430 /* AppDelegate.h */ = {isa = PBXFileReference; lastKnownFileType = sourcecode.c.h; path = AppDelegate.h; sourceTree = "<group>"; };
		384D24A21CC4D1F0003C6430 /* AppDelegate.m */ = {isa = PBXFileReference; lastKnownFileType = sourcecode.c.objc; path = AppDelegate.m; sourceTree = "<group>"; };
		384D24A41CC4D1F0003C6430 /* ViewController.h */ = {isa = PBXFileReference; lastKnownFileType = sourcecode.c.h; path = ViewController.h; sourceTree = "<group>"; };
		384D24A51CC4D1F0003C6430 /* ViewController.m */ = {isa = PBXFileReference; lastKnownFileType = sourcecode.c.objc; path = ViewController.m; sourceTree = "<group>"; };
		384D24A81CC4D1F0003C6430 /* Base */ = {isa = PBXFileReference; lastKnownFileType = file.storyboard; name = Base; path = Base.lproj/Main.storyboard; sourceTree = "<group>"; };
		384D24AA1CC4D1F0003C6430 /* Assets.xcassets */ = {isa = PBXFileReference; lastKnownFileType = folder.assetcatalog; path = Assets.xcassets; sourceTree = "<group>"; };
		384D24AD1CC4D1F0003C6430 /* Base */ = {isa = PBXFileReference; lastKnownFileType = file.storyboard; name = Base; path = Base.lproj/LaunchScreen.storyboard; sourceTree = "<group>"; };
		384D24AF1CC4D1F0003C6430 /* Info.plist */ = {isa = PBXFileReference; lastKnownFileType = text.plist.xml; path = Info.plist; sourceTree = "<group>"; };
		384D24B51CC5163F003C6430 /* PhotoCollectionViewController.h */ = {isa = PBXFileReference; fileEncoding = 4; lastKnownFileType = sourcecode.c.h; path = PhotoCollectionViewController.h; sourceTree = "<group>"; };
		384D24B61CC5163F003C6430 /* PhotoCollectionViewController.m */ = {isa = PBXFileReference; fileEncoding = 4; lastKnownFileType = sourcecode.c.objc; path = PhotoCollectionViewController.m; sourceTree = "<group>"; };
		384D24B81CC51A93003C6430 /* PhotoCollectionViewCell.h */ = {isa = PBXFileReference; fileEncoding = 4; lastKnownFileType = sourcecode.c.h; path = PhotoCollectionViewCell.h; sourceTree = "<group>"; };
		384D24B91CC51A93003C6430 /* PhotoCollectionViewCell.m */ = {isa = PBXFileReference; fileEncoding = 4; lastKnownFileType = sourcecode.c.objc; path = PhotoCollectionViewCell.m; sourceTree = "<group>"; };
		384D24D61CC52854003C6430 /* PhotoViewController.h */ = {isa = PBXFileReference; fileEncoding = 4; lastKnownFileType = sourcecode.c.h; path = PhotoViewController.h; sourceTree = "<group>"; };
		384D24D71CC52854003C6430 /* PhotoViewController.m */ = {isa = PBXFileReference; fileEncoding = 4; lastKnownFileType = sourcecode.c.objc; path = PhotoViewController.m; sourceTree = "<group>"; };
		384D24D91CC60FA1003C6430 /* AlbumCollectionViewController.h */ = {isa = PBXFileReference; fileEncoding = 4; lastKnownFileType = sourcecode.c.h; path = AlbumCollectionViewController.h; sourceTree = "<group>"; };
		384D24DA1CC60FA1003C6430 /* AlbumCollectionViewController.m */ = {isa = PBXFileReference; fileEncoding = 4; lastKnownFileType = sourcecode.c.objc; path = AlbumCollectionViewController.m; sourceTree = "<group>"; };
		384D24DC1CC62805003C6430 /* AlbumCollectionViewCell.h */ = {isa = PBXFileReference; fileEncoding = 4; lastKnownFileType = sourcecode.c.h; path = AlbumCollectionViewCell.h; sourceTree = "<group>"; };
		384D24DD1CC62805003C6430 /* AlbumCollectionViewCell.m */ = {isa = PBXFileReference; fileEncoding = 4; lastKnownFileType = sourcecode.c.objc; path = AlbumCollectionViewCell.m; sourceTree = "<group>"; };
		384D24DF1CC62920003C6430 /* CIImage+Convenience.h */ = {isa = PBXFileReference; fileEncoding = 4; lastKnownFileType = sourcecode.c.h; path = "CIImage+Convenience.h"; sourceTree = "<group>"; };
		384D24E01CC62920003C6430 /* CIImage+Convenience.m */ = {isa = PBXFileReference; fileEncoding = 4; lastKnownFileType = sourcecode.c.objc; path = "CIImage+Convenience.m"; sourceTree = "<group>"; };
		384D24E11CC62920003C6430 /* NSIndexSet+Convenience.h */ = {isa = PBXFileReference; fileEncoding = 4; lastKnownFileType = sourcecode.c.h; path = "NSIndexSet+Convenience.h"; sourceTree = "<group>"; };
		384D24E21CC62920003C6430 /* NSIndexSet+Convenience.m */ = {isa = PBXFileReference; fileEncoding = 4; lastKnownFileType = sourcecode.c.objc; path = "NSIndexSet+Convenience.m"; sourceTree = "<group>"; };
		384D24E31CC62920003C6430 /* UICollectionView+Convenience.h */ = {isa = PBXFileReference; fileEncoding = 4; lastKnownFileType = sourcecode.c.h; path = "UICollectionView+Convenience.h"; sourceTree = "<group>"; };
		384D24E41CC62920003C6430 /* UICollectionView+Convenience.m */ = {isa = PBXFileReference; fileEncoding = 4; lastKnownFileType = sourcecode.c.objc; path = "UICollectionView+Convenience.m"; sourceTree = "<group>"; };
		384D24EA1CC8B82F003C6430 /* PHAsset+Utility.h */ = {isa = PBXFileReference; fileEncoding = 4; lastKnownFileType = sourcecode.c.h; name = "PHAsset+Utility.h"; path = "PHAsset-Utility-master/PHAsset+Utility.h"; sourceTree = "<group>"; };
		384D24EB1CC8B82F003C6430 /* PHAsset+Utility.m */ = {isa = PBXFileReference; fileEncoding = 4; lastKnownFileType = sourcecode.c.objc; name = "PHAsset+Utility.m"; path = "PHAsset-Utility-master/PHAsset+Utility.m"; sourceTree = "<group>"; };
		384D24ED1CC8BE44003C6430 /* MetadataViewController.h */ = {isa = PBXFileReference; fileEncoding = 4; lastKnownFileType = sourcecode.c.h; path = MetadataViewController.h; sourceTree = "<group>"; };
		384D24EE1CC8BE44003C6430 /* MetadataViewController.m */ = {isa = PBXFileReference; fileEncoding = 4; lastKnownFileType = sourcecode.c.objc; path = MetadataViewController.m; sourceTree = "<group>"; };
		384D24F01CCA00AB003C6430 /* zrx1.jpg */ = {isa = PBXFileReference; lastKnownFileType = image.jpeg; name = zrx1.jpg; path = pic/zrx1.jpg; sourceTree = "<group>"; };
		384D24F11CCA00AB003C6430 /* zrx2.jpg */ = {isa = PBXFileReference; lastKnownFileType = image.jpeg; name = zrx2.jpg; path = pic/zrx2.jpg; sourceTree = "<group>"; };
		384D24F21CCA00AB003C6430 /* zrx3.jpg */ = {isa = PBXFileReference; lastKnownFileType = image.jpeg; name = zrx3.jpg; path = pic/zrx3.jpg; sourceTree = "<group>"; };
		384D24F31CCA00AB003C6430 /* zrx4.jpg */ = {isa = PBXFileReference; lastKnownFileType = image.jpeg; name = zrx4.jpg; path = pic/zrx4.jpg; sourceTree = "<group>"; };
		384D24F41CCA00AB003C6430 /* zrx5.jpg */ = {isa = PBXFileReference; lastKnownFileType = image.jpeg; name = zrx5.jpg; path = pic/zrx5.jpg; sourceTree = "<group>"; };
		384D24F51CCA00AB003C6430 /* zrx6.jpg */ = {isa = PBXFileReference; lastKnownFileType = image.jpeg; name = zrx6.jpg; path = pic/zrx6.jpg; sourceTree = "<group>"; };
		384D24F61CCA00AB003C6430 /* zrx7.jpg */ = {isa = PBXFileReference; lastKnownFileType = image.jpeg; name = zrx7.jpg; path = pic/zrx7.jpg; sourceTree = "<group>"; };
		384D24F71CCA00AB003C6430 /* zrx8.jpg */ = {isa = PBXFileReference; lastKnownFileType = image.jpeg; name = zrx8.jpg; path = pic/zrx8.jpg; sourceTree = "<group>"; };
		384D24F81CCA00AB003C6430 /* zrx9.jpg */ = {isa = PBXFileReference; lastKnownFileType = image.jpeg; name = zrx9.jpg; path = pic/zrx9.jpg; sourceTree = "<group>"; };
		384D24F91CCA00AB003C6430 /* zrx10.jpg */ = {isa = PBXFileReference; lastKnownFileType = image.jpeg; name = zrx10.jpg; path = pic/zrx10.jpg; sourceTree = "<group>"; };
		384D24FA1CCA00AB003C6430 /* zrx11.jpg */ = {isa = PBXFileReference; lastKnownFileType = image.jpeg; name = zrx11.jpg; path = pic/zrx11.jpg; sourceTree = "<group>"; };
		384D24FB1CCA00AB003C6430 /* zrx12.jpg */ = {isa = PBXFileReference; lastKnownFileType = image.jpeg; name = zrx12.jpg; path = pic/zrx12.jpg; sourceTree = "<group>"; };
		384D25091CCA0320003C6430 /* zrx13.jpg */ = {isa = PBXFileReference; lastKnownFileType = image.jpeg; name = zrx13.jpg; path = pic/zrx13.jpg; sourceTree = "<group>"; };
		384D250A1CCA0320003C6430 /* zrx14.jpg */ = {isa = PBXFileReference; lastKnownFileType = image.jpeg; name = zrx14.jpg; path = pic/zrx14.jpg; sourceTree = "<group>"; };
		384D250B1CCA0320003C6430 /* zrx15.jpg */ = {isa = PBXFileReference; lastKnownFileType = image.jpeg; name = zrx15.jpg; path = pic/zrx15.jpg; sourceTree = "<group>"; };
		384D250F1CCA1519003C6430 /* photoTags.plist */ = {isa = PBXFileReference; fileEncoding = 4; lastKnownFileType = text.plist.xml; path = photoTags.plist; sourceTree = "<group>"; };
		38BDE3831CCA43C000E3E11D /* UIScrollView+UITouch.h */ = {isa = PBXFileReference; fileEncoding = 4; lastKnownFileType = sourcecode.c.h; path = "UIScrollView+UITouch.h"; sourceTree = "<group>"; };
		38BDE3841CCA43C000E3E11D /* UIScrollView+UITouch.m */ = {isa = PBXFileReference; fileEncoding = 4; lastKnownFileType = sourcecode.c.objc; path = "UIScrollView+UITouch.m"; sourceTree = "<group>"; };
		38BDE3861CCA552200E3E11D /* UIImage+Extensions.h */ = {isa = PBXFileReference; fileEncoding = 4; lastKnownFileType = sourcecode.c.h; path = "UIImage+Extensions.h"; sourceTree = "<group>"; };
		38BDE3871CCA552200E3E11D /* UIImage+Extensions.m */ = {isa = PBXFileReference; fileEncoding = 4; lastKnownFileType = sourcecode.c.objc; path = "UIImage+Extensions.m"; sourceTree = "<group>"; };
		38BDE3891CCBC52500E3E11D /* AlbumTableViewController.h */ = {isa = PBXFileReference; fileEncoding = 4; lastKnownFileType = sourcecode.c.h; path = AlbumTableViewController.h; sourceTree = "<group>"; };
		38BDE38A1CCBC52500E3E11D /* AlbumTableViewController.m */ = {isa = PBXFileReference; fileEncoding = 4; lastKnownFileType = sourcecode.c.objc; path = AlbumTableViewController.m; sourceTree = "<group>"; };
		38BDE38C1CCCA41000E3E11D /* AlbumTableViewCell.h */ = {isa = PBXFileReference; fileEncoding = 4; lastKnownFileType = sourcecode.c.h; path = AlbumTableViewCell.h; sourceTree = "<group>"; };
		38BDE38D1CCCA41000E3E11D /* AlbumTableViewCell.m */ = {isa = PBXFileReference; fileEncoding = 4; lastKnownFileType = sourcecode.c.objc; path = AlbumTableViewCell.m; sourceTree = "<group>"; };
/* End PBXFileReference section */

/* Begin PBXFrameworksBuildPhase section */
		384D24981CC4D1F0003C6430 /* Frameworks */ = {
			isa = PBXFrameworksBuildPhase;
			buildActionMask = 2147483647;
			files = (
			);
			runOnlyForDeploymentPostprocessing = 0;
		};
/* End PBXFrameworksBuildPhase section */

/* Begin PBXGroup section */
		384D24921CC4D1F0003C6430 = {
			isa = PBXGroup;
			children = (
				384D249D1CC4D1F0003C6430 /* visAlbum */,
				384D249C1CC4D1F0003C6430 /* Products */,
			);
			sourceTree = "<group>";
		};
		384D249C1CC4D1F0003C6430 /* Products */ = {
			isa = PBXGroup;
			children = (
				384D249B1CC4D1F0003C6430 /* visAlbum.app */,
			);
			name = Products;
			sourceTree = "<group>";
		};
		384D249D1CC4D1F0003C6430 /* visAlbum */ = {
			isa = PBXGroup;
			children = (
				384D24A11CC4D1F0003C6430 /* AppDelegate.h */,
				384D24A21CC4D1F0003C6430 /* AppDelegate.m */,
				384D24A41CC4D1F0003C6430 /* ViewController.h */,
				384D24A51CC4D1F0003C6430 /* ViewController.m */,
				384D24D91CC60FA1003C6430 /* AlbumCollectionViewController.h */,
				384D24DA1CC60FA1003C6430 /* AlbumCollectionViewController.m */,
				384D24DC1CC62805003C6430 /* AlbumCollectionViewCell.h */,
				384D24DD1CC62805003C6430 /* AlbumCollectionViewCell.m */,
				38BDE3891CCBC52500E3E11D /* AlbumTableViewController.h */,
				38BDE38A1CCBC52500E3E11D /* AlbumTableViewController.m */,
				38BDE38C1CCCA41000E3E11D /* AlbumTableViewCell.h */,
				38BDE38D1CCCA41000E3E11D /* AlbumTableViewCell.m */,
				384D24B51CC5163F003C6430 /* PhotoCollectionViewController.h */,
				384D24B61CC5163F003C6430 /* PhotoCollectionViewController.m */,
				384D24B81CC51A93003C6430 /* PhotoCollectionViewCell.h */,
				384D24B91CC51A93003C6430 /* PhotoCollectionViewCell.m */,
				384D24D61CC52854003C6430 /* PhotoViewController.h */,
				384D24D71CC52854003C6430 /* PhotoViewController.m */,
				384D24ED1CC8BE44003C6430 /* MetadataViewController.h */,
				384D24EE1CC8BE44003C6430 /* MetadataViewController.m */,
				384D250F1CCA1519003C6430 /* photoTags.plist */,
				384D24A71CC4D1F0003C6430 /* Main.storyboard */,
				384D24AA1CC4D1F0003C6430 /* Assets.xcassets */,
				384D24AC1CC4D1F0003C6430 /* LaunchScreen.storyboard */,
				384D24AF1CC4D1F0003C6430 /* Info.plist */,
				384D24E91CC6293C003C6430 /* Categories */,
				384D25081CCA00B0003C6430 /* pic */,
				384D249E1CC4D1F0003C6430 /* Supporting Files */,
			);
			path = visAlbum;
			sourceTree = "<group>";
		};
		384D249E1CC4D1F0003C6430 /* Supporting Files */ = {
			isa = PBXGroup;
			children = (
				384D249F1CC4D1F0003C6430 /* main.m */,
			);
			name = "Supporting Files";
			sourceTree = "<group>";
		};
		384D24E91CC6293C003C6430 /* Categories */ = {
			isa = PBXGroup;
			children = (
				38BDE3861CCA552200E3E11D /* UIImage+Extensions.h */,
				38BDE3871CCA552200E3E11D /* UIImage+Extensions.m */,
				38BDE3831CCA43C000E3E11D /* UIScrollView+UITouch.h */,
				38BDE3841CCA43C000E3E11D /* UIScrollView+UITouch.m */,
				384D24EA1CC8B82F003C6430 /* PHAsset+Utility.h */,
				384D24EB1CC8B82F003C6430 /* PHAsset+Utility.m */,
				384D24DF1CC62920003C6430 /* CIImage+Convenience.h */,
				384D24E01CC62920003C6430 /* CIImage+Convenience.m */,
				384D24E11CC62920003C6430 /* NSIndexSet+Convenience.h */,
				384D24E21CC62920003C6430 /* NSIndexSet+Convenience.m */,
				384D24E31CC62920003C6430 /* UICollectionView+Convenience.h */,
				384D24E41CC62920003C6430 /* UICollectionView+Convenience.m */,
			);
			name = Categories;
			sourceTree = "<group>";
		};
		384D25081CCA00B0003C6430 /* pic */ = {
			isa = PBXGroup;
			children = (
				384D24F01CCA00AB003C6430 /* zrx1.jpg */,
				384D24F11CCA00AB003C6430 /* zrx2.jpg */,
				384D24F21CCA00AB003C6430 /* zrx3.jpg */,
				384D24F31CCA00AB003C6430 /* zrx4.jpg */,
				384D24F41CCA00AB003C6430 /* zrx5.jpg */,
				384D24F51CCA00AB003C6430 /* zrx6.jpg */,
				384D24F61CCA00AB003C6430 /* zrx7.jpg */,
				384D24F71CCA00AB003C6430 /* zrx8.jpg */,
				384D24F81CCA00AB003C6430 /* zrx9.jpg */,
				384D24F91CCA00AB003C6430 /* zrx10.jpg */,
				384D24FA1CCA00AB003C6430 /* zrx11.jpg */,
				384D24FB1CCA00AB003C6430 /* zrx12.jpg */,
				384D25091CCA0320003C6430 /* zrx13.jpg */,
				384D250A1CCA0320003C6430 /* zrx14.jpg */,
				384D250B1CCA0320003C6430 /* zrx15.jpg */,
			);
			name = pic;
			sourceTree = "<group>";
		};
/* End PBXGroup section */

/* Begin PBXNativeTarget section */
		384D249A1CC4D1F0003C6430 /* visAlbum */ = {
			isa = PBXNativeTarget;
			buildConfigurationList = 384D24B21CC4D1F0003C6430 /* Build configuration list for PBXNativeTarget "visAlbum" */;
			buildPhases = (
				384D24971CC4D1F0003C6430 /* Sources */,
				384D24981CC4D1F0003C6430 /* Frameworks */,
				384D24991CC4D1F0003C6430 /* Resources */,
			);
			buildRules = (
			);
			dependencies = (
			);
			name = visAlbum;
			productName = visAlbum;
			productReference = 384D249B1CC4D1F0003C6430 /* visAlbum.app */;
			productType = "com.apple.product-type.application";
		};
/* End PBXNativeTarget section */

/* Begin PBXProject section */
		384D24931CC4D1F0003C6430 /* Project object */ = {
			isa = PBXProject;
			attributes = {
				LastUpgradeCheck = 0730;
				ORGANIZATIONNAME = Sylvanus;
				TargetAttributes = {
					384D249A1CC4D1F0003C6430 = {
						CreatedOnToolsVersion = 7.3;
						DevelopmentTeam = VU655ZGTDL;
					};
				};
			};
			buildConfigurationList = 384D24961CC4D1F0003C6430 /* Build configuration list for PBXProject "visAlbum" */;
			compatibilityVersion = "Xcode 3.2";
			developmentRegion = English;
			hasScannedForEncodings = 0;
			knownRegions = (
				en,
				Base,
			);
			mainGroup = 384D24921CC4D1F0003C6430;
			productRefGroup = 384D249C1CC4D1F0003C6430 /* Products */;
			projectDirPath = "";
			projectRoot = "";
			targets = (
				384D249A1CC4D1F0003C6430 /* visAlbum */,
			);
		};
/* End PBXProject section */

/* Begin PBXResourcesBuildPhase section */
		384D24991CC4D1F0003C6430 /* Resources */ = {
			isa = PBXResourcesBuildPhase;
			buildActionMask = 2147483647;
			files = (
				384D250D1CCA0320003C6430 /* zrx14.jpg in Resources */,
				384D250C1CCA0320003C6430 /* zrx13.jpg in Resources */,
				384D25051CCA00AB003C6430 /* zrx10.jpg in Resources */,
				384D25001CCA00AB003C6430 /* zrx5.jpg in Resources */,
				384D25061CCA00AB003C6430 /* zrx11.jpg in Resources */,
				384D24FC1CCA00AB003C6430 /* zrx1.jpg in Resources */,
				384D25031CCA00AB003C6430 /* zrx8.jpg in Resources */,
				384D24FD1CCA00AB003C6430 /* zrx2.jpg in Resources */,
				384D25041CCA00AB003C6430 /* zrx9.jpg in Resources */,
				384D25071CCA00AB003C6430 /* zrx12.jpg in Resources */,
				384D24FF1CCA00AB003C6430 /* zrx4.jpg in Resources */,
				384D25011CCA00AB003C6430 /* zrx6.jpg in Resources */,
				384D24AE1CC4D1F0003C6430 /* LaunchScreen.storyboard in Resources */,
				384D25101CCA1519003C6430 /* photoTags.plist in Resources */,
				384D25021CCA00AB003C6430 /* zrx7.jpg in Resources */,
				384D24AB1CC4D1F0003C6430 /* Assets.xcassets in Resources */,
				384D24FE1CCA00AB003C6430 /* zrx3.jpg in Resources */,
				384D250E1CCA0320003C6430 /* zrx15.jpg in Resources */,
				384D24A91CC4D1F0003C6430 /* Main.storyboard in Resources */,
			);
			runOnlyForDeploymentPostprocessing = 0;
		};
/* End PBXResourcesBuildPhase section */

/* Begin PBXSourcesBuildPhase section */
		384D24971CC4D1F0003C6430 /* Sources */ = {
			isa = PBXSourcesBuildPhase;
			buildActionMask = 2147483647;
			files = (
				384D24A61CC4D1F0003C6430 /* ViewController.m in Sources */,
				384D24DB1CC60FA1003C6430 /* AlbumCollectionViewController.m in Sources */,
				384D24E71CC62920003C6430 /* UICollectionView+Convenience.m in Sources */,
				384D24EF1CC8BE44003C6430 /* MetadataViewController.m in Sources */,
				384D24A31CC4D1F0003C6430 /* AppDelegate.m in Sources */,
				384D24A01CC4D1F0003C6430 /* main.m in Sources */,
				38BDE38E1CCCA41000E3E11D /* AlbumTableViewCell.m in Sources */,
				384D24E61CC62920003C6430 /* NSIndexSet+Convenience.m in Sources */,
				38BDE3851CCA43C000E3E11D /* UIScrollView+UITouch.m in Sources */,
				384D24DE1CC62805003C6430 /* AlbumCollectionViewCell.m in Sources */,
				384D24EC1CC8B830003C6430 /* PHAsset+Utility.m in Sources */,
				384D24E51CC62920003C6430 /* CIImage+Convenience.m in Sources */,
				384D24D81CC52854003C6430 /* PhotoViewController.m in Sources */,
				384D24BA1CC51A93003C6430 /* PhotoCollectionViewCell.m in Sources */,
				38BDE38B1CCBC52500E3E11D /* AlbumTableViewController.m in Sources */,
				38BDE3881CCA552200E3E11D /* UIImage+Extensions.m in Sources */,
				384D24B71CC5163F003C6430 /* PhotoCollectionViewController.m in Sources */,
			);
			runOnlyForDeploymentPostprocessing = 0;
		};
/* End PBXSourcesBuildPhase section */

/* Begin PBXVariantGroup section */
		384D24A71CC4D1F0003C6430 /* Main.storyboard */ = {
			isa = PBXVariantGroup;
			children = (
				384D24A81CC4D1F0003C6430 /* Base */,
			);
			name = Main.storyboard;
			sourceTree = "<group>";
		};
		384D24AC1CC4D1F0003C6430 /* LaunchScreen.storyboard */ = {
			isa = PBXVariantGroup;
			children = (
				384D24AD1CC4D1F0003C6430 /* Base */,
			);
			name = LaunchScreen.storyboard;
			sourceTree = "<group>";
		};
/* End PBXVariantGroup section */

/* Begin XCBuildConfiguration section */
		384D24B01CC4D1F0003C6430 /* Debug */ = {
			isa = XCBuildConfiguration;
			buildSettings = {
				ALWAYS_SEARCH_USER_PATHS = NO;
				CLANG_ANALYZER_NONNULL = YES;
				CLANG_CXX_LANGUAGE_STANDARD = "gnu++0x";
				CLANG_CXX_LIBRARY = "libc++";
				CLANG_ENABLE_MODULES = YES;
				CLANG_ENABLE_OBJC_ARC = YES;
				CLANG_WARN_BOOL_CONVERSION = YES;
				CLANG_WARN_CONSTANT_CONVERSION = YES;
				CLANG_WARN_DIRECT_OBJC_ISA_USAGE = YES_ERROR;
				CLANG_WARN_EMPTY_BODY = YES;
				CLANG_WARN_ENUM_CONVERSION = YES;
				CLANG_WARN_INT_CONVERSION = YES;
				CLANG_WARN_OBJC_ROOT_CLASS = YES_ERROR;
				CLANG_WARN_UNREACHABLE_CODE = YES;
				CLANG_WARN__DUPLICATE_METHOD_MATCH = YES;
				"CODE_SIGN_IDENTITY[sdk=iphoneos*]" = "iPhone Developer";
				COPY_PHASE_STRIP = NO;
				DEBUG_INFORMATION_FORMAT = dwarf;
				ENABLE_STRICT_OBJC_MSGSEND = YES;
				ENABLE_TESTABILITY = YES;
				GCC_C_LANGUAGE_STANDARD = gnu99;
				GCC_DYNAMIC_NO_PIC = NO;
				GCC_NO_COMMON_BLOCKS = YES;
				GCC_OPTIMIZATION_LEVEL = 0;
				GCC_PREPROCESSOR_DEFINITIONS = (
					"DEBUG=1",
					"$(inherited)",
				);
				GCC_WARN_64_TO_32_BIT_CONVERSION = YES;
				GCC_WARN_ABOUT_RETURN_TYPE = YES_ERROR;
				GCC_WARN_UNDECLARED_SELECTOR = YES;
				GCC_WARN_UNINITIALIZED_AUTOS = YES_AGGRESSIVE;
				GCC_WARN_UNUSED_FUNCTION = YES;
				GCC_WARN_UNUSED_VARIABLE = YES;
				IPHONEOS_DEPLOYMENT_TARGET = 9.3;
				MTL_ENABLE_DEBUG_INFO = YES;
				ONLY_ACTIVE_ARCH = YES;
				SDKROOT = iphoneos;
				TARGETED_DEVICE_FAMILY = "1,2";
			};
			name = Debug;
		};
		384D24B11CC4D1F0003C6430 /* Release */ = {
			isa = XCBuildConfiguration;
			buildSettings = {
				ALWAYS_SEARCH_USER_PATHS = NO;
				CLANG_ANALYZER_NONNULL = YES;
				CLANG_CXX_LANGUAGE_STANDARD = "gnu++0x";
				CLANG_CXX_LIBRARY = "libc++";
				CLANG_ENABLE_MODULES = YES;
				CLANG_ENABLE_OBJC_ARC = YES;
				CLANG_WARN_BOOL_CONVERSION = YES;
				CLANG_WARN_CONSTANT_CONVERSION = YES;
				CLANG_WARN_DIRECT_OBJC_ISA_USAGE = YES_ERROR;
				CLANG_WARN_EMPTY_BODY = YES;
				CLANG_WARN_ENUM_CONVERSION = YES;
				CLANG_WARN_INT_CONVERSION = YES;
				CLANG_WARN_OBJC_ROOT_CLASS = YES_ERROR;
				CLANG_WARN_UNREACHABLE_CODE = YES;
				CLANG_WARN__DUPLICATE_METHOD_MATCH = YES;
				"CODE_SIGN_IDENTITY[sdk=iphoneos*]" = "iPhone Developer";
				COPY_PHASE_STRIP = NO;
				DEBUG_INFORMATION_FORMAT = "dwarf-with-dsym";
				ENABLE_NS_ASSERTIONS = NO;
				ENABLE_STRICT_OBJC_MSGSEND = YES;
				GCC_C_LANGUAGE_STANDARD = gnu99;
				GCC_NO_COMMON_BLOCKS = YES;
				GCC_WARN_64_TO_32_BIT_CONVERSION = YES;
				GCC_WARN_ABOUT_RETURN_TYPE = YES_ERROR;
				GCC_WARN_UNDECLARED_SELECTOR = YES;
				GCC_WARN_UNINITIALIZED_AUTOS = YES_AGGRESSIVE;
				GCC_WARN_UNUSED_FUNCTION = YES;
				GCC_WARN_UNUSED_VARIABLE = YES;
				IPHONEOS_DEPLOYMENT_TARGET = 9.3;
				MTL_ENABLE_DEBUG_INFO = NO;
				SDKROOT = iphoneos;
				TARGETED_DEVICE_FAMILY = "1,2";
				VALIDATE_PRODUCT = YES;
			};
			name = Release;
		};
		384D24B31CC4D1F0003C6430 /* Debug */ = {
			isa = XCBuildConfiguration;
			buildSettings = {
				ASSETCATALOG_COMPILER_APPICON_NAME = AppIcon;
				INFOPLIST_FILE = visAlbum/Info.plist;
				LD_RUNPATH_SEARCH_PATHS = "$(inherited) @executable_path/Frameworks";
				PRODUCT_BUNDLE_IDENTIFIER = Sylvanus.visAlbum;
				PRODUCT_NAME = "$(TARGET_NAME)";
			};
			name = Debug;
		};
		384D24B41CC4D1F0003C6430 /* Release */ = {
			isa = XCBuildConfiguration;
			buildSettings = {
				ASSETCATALOG_COMPILER_APPICON_NAME = AppIcon;
				INFOPLIST_FILE = visAlbum/Info.plist;
				LD_RUNPATH_SEARCH_PATHS = "$(inherited) @executable_path/Frameworks";
				PRODUCT_BUNDLE_IDENTIFIER = Sylvanus.visAlbum;
				PRODUCT_NAME = "$(TARGET_NAME)";
			};
			name = Release;
		};
/* End XCBuildConfiguration section */

/* Begin XCConfigurationList section */
		384D24961CC4D1F0003C6430 /* Build configuration list for PBXProject "visAlbum" */ = {
			isa = XCConfigurationList;
			buildConfigurations = (
				384D24B01CC4D1F0003C6430 /* Debug */,
				384D24B11CC4D1F0003C6430 /* Release */,
			);
			defaultConfigurationIsVisible = 0;
			defaultConfigurationName = Release;
		};
		384D24B21CC4D1F0003C6430 /* Build configuration list for PBXNativeTarget "visAlbum" */ = {
			isa = XCConfigurationList;
			buildConfigurations = (
				384D24B31CC4D1F0003C6430 /* Debug */,
				384D24B41CC4D1F0003C6430 /* Release */,
			);
			defaultConfigurationIsVisible = 0;
			defaultConfigurationName = Release;
		};
/* End XCConfigurationList section */
	};
	rootObject = 384D24931CC4D1F0003C6430 /* Project object */;
}
